
Microsoft Visual Studio Solution File, Format Version 12.00
# Visual Studio 15
VisualStudioVersion = 15.0.27130.2027
MinimumVisualStudioVersion = 10.0.40219.1
Project("{9A19103F-16F7-4668-BE54-9A1E7A4F7556}") = "Project.Web", "Project\Project.Web.csproj", "{34A6ED41-596C-4008-8A99-77265BBA3247}"
EndProject
Project("{FAE04EC0-301F-11D3-BF4B-00C04F79EFBC}") = "Project.Core", "Project.Core\Project.Core.csproj", "{EB26FC02-2C20-474B-8C36-15FA878C3686}"
EndProject
Global
	GlobalSection(SolutionConfigurationPlatforms) = preSolution
		Debug|Any CPU = Debug|Any CPU
		Release|Any CPU = Release|Any CPU
	EndGlobalSection
	GlobalSection(ProjectConfigurationPlatforms) = postSolution
		{34A6ED41-596C-4008-8A99-77265BBA3247}.Debug|Any CPU.ActiveCfg = Debug|Any CPU
		{34A6ED41-596C-4008-8A99-77265BBA3247}.Debug|Any CPU.Build.0 = Debug|Any CPU
		{34A6ED41-596C-4008-8A99-77265BBA3247}.Release|Any CPU.ActiveCfg = Release|Any CPU
		{34A6ED41-596C-4008-8A99-77265BBA3247}.Release|Any CPU.Build.0 = Release|Any CPU
		{EB26FC02-2C20-474B-8C36-15FA878C3686}.Debug|Any CPU.ActiveCfg = Debug|Any CPU
		{EB26FC02-2C20-474B-8C36-15FA878C3686}.Debug|Any CPU.Build.0 = Debug|Any CPU
		{EB26FC02-2C20-474B-8C36-15FA878C3686}.Release|Any CPU.ActiveCfg = Release|Any CPU
		{EB26FC02-2C20-474B-8C36-15FA878C3686}.Release|Any CPU.Build.0 = Release|Any CPU
	EndGlobalSection
	GlobalSection(SolutionProperties) = preSolution
		HideSolutionNode = FALSE
	EndGlobalSection
	GlobalSection(ExtensibilityGlobals) = postSolution
		SolutionGuid = {348854C6-9997-4D79-843C-733E1C3BE465}
	EndGlobalSection
EndGlobal
